
Microsoft Visual Studio Solution File, Format Version 12.00
# Visual Studio Version 16
VisualStudioVersion = 16.0.30907.101
MinimumVisualStudioVersion = 10.0.40219.1
Project("{8BC9CEB8-8B4A-11D0-8D11-00A0C91BC942}") = "QueueTracker", "QueueTracker.vcxproj", "{E4CFAFA2-3047-4F00-9432-31427D8FBD82}"
EndProject
Global
	GlobalSection(SolutionConfigurationPlatforms) = preSolution
		Release|x64 = Release|x64
	EndGlobalSection
	GlobalSection(ProjectConfigurationPlatforms) = postSolution
		{E4CFAFA2-3047-4F00-9432-31427D8FBD82}.Release|x64.ActiveCfg = Release|x64
		{E4CFAFA2-3047-4F00-9432-31427D8FBD82}.Release|x64.Build.0 = Release|x64
	EndGlobalSection
	GlobalSection(SolutionProperties) = preSolution
		HideSolutionNode = FALSE
	EndGlobalSection
	GlobalSection(ExtensibilityGlobals) = postSolution
		SolutionGuid = {75B788E9-71F0-4991-A710-C5B30EFB6E6D}
	EndGlobalSection
EndGlobal
